// !$*UTF8*$!
{
	archiveVersion = 1;
	classes = {
	};
	objectVersion = 46;
	objects = {

/* Begin PBXBuildFile section */
		AA1160051F61214600958EE3 /* main.m in Sources */ = {isa = PBXBuildFile; fileRef = AA1160041F61214600958EE3 /* main.m */; };
		AA1160081F61214600958EE3 /* AppDelegate.m in Sources */ = {isa = PBXBuildFile; fileRef = AA1160071F61214600958EE3 /* AppDelegate.m */; };
		AA11600B1F61214600958EE3 /* ViewController.m in Sources */ = {isa = PBXBuildFile; fileRef = AA11600A1F61214600958EE3 /* ViewController.m */; };
		AA11600E1F61214600958EE3 /* Main.storyboard in Resources */ = {isa = PBXBuildFile; fileRef = AA11600C1F61214600958EE3 /* Main.storyboard */; };
		AA1160101F61214600958EE3 /* Assets.xcassets in Resources */ = {isa = PBXBuildFile; fileRef = AA11600F1F61214600958EE3 /* Assets.xcassets */; };
		AA1160131F61214600958EE3 /* LaunchScreen.storyboard in Resources */ = {isa = PBXBuildFile; fileRef = AA1160111F61214600958EE3 /* LaunchScreen.storyboard */; };
		AA11601E1F61214700958EE3 /* NSOprationDemoTests.m in Sources */ = {isa = PBXBuildFile; fileRef = AA11601D1F61214700958EE3 /* NSOprationDemoTests.m */; };
		AA1160291F61214700958EE3 /* NSOprationDemoUITests.m in Sources */ = {isa = PBXBuildFile; fileRef = AA1160281F61214700958EE3 /* NSOprationDemoUITests.m */; };
/* End PBXBuildFile section */

/* Begin PBXContainerItemProxy section */
		AA11601A1F61214600958EE3 /* PBXContainerItemProxy */ = {
			isa = PBXContainerItemProxy;
			containerPortal = AA115FF81F61214600958EE3 /* Project object */;
			proxyType = 1;
			remoteGlobalIDString = AA115FFF1F61214600958EE3;
			remoteInfo = NSOprationDemo;
		};
		AA1160251F61214700958EE3 /* PBXContainerItemProxy */ = {
			isa = PBXContainerItemProxy;
			containerPortal = AA115FF81F61214600958EE3 /* Project object */;
			proxyType = 1;
			remoteGlobalIDString = AA115FFF1F61214600958EE3;
			remoteInfo = NSOprationDemo;
		};
/* End PBXContainerItemProxy section */

/* Begin PBXFileReference section */
		AA1160001F61214600958EE3 /* NSOprationDemo.app */ = {isa = PBXFileReference; explicitFileType = wrapper.application; includeInIndex = 0; path = NSOprationDemo.app; sourceTree = BUILT_PRODUCTS_DIR; };
		AA1160041F61214600958EE3 /* main.m */ = {isa = PBXFileReference; lastKnownFileType = sourcecode.c.objc; path = main.m; sourceTree = "<group>"; };
		AA1160061F61214600958EE3 /* AppDelegate.h */ = {isa = PBXFileReference; lastKnownFileType = sourcecode.c.h; path = AppDelegate.h; sourceTree = "<group>"; };
		AA1160071F61214600958EE3 /* AppDelegate.m */ = {isa = PBXFileReference; lastKnownFileType = sourcecode.c.objc; path = AppDelegate.m; sourceTree = "<group>"; };
		AA1160091F61214600958EE3 /* ViewController.h */ = {isa = PBXFileReference; lastKnownFileType = sourcecode.c.h; path = ViewController.h; sourceTree = "<group>"; };
		AA11600A1F61214600958EE3 /* ViewController.m */ = {isa = PBXFileReference; lastKnownFileType = sourcecode.c.objc; path = ViewController.m; sourceTree = "<group>"; };
		AA11600D1F61214600958EE3 /* Base */ = {isa = PBXFileReference; lastKnownFileType = file.storyboard; name = Base; path = Base.lproj/Main.storyboard; sourceTree = "<group>"; };
		AA11600F1F61214600958EE3 /* Assets.xcassets */ = {isa = PBXFileReference; lastKnownFileType = folder.assetcatalog; path = Assets.xcassets; sourceTree = "<group>"; };
		AA1160121F61214600958EE3 /* Base */ = {isa = PBXFileReference; lastKnownFileType = file.storyboard; name = Base; path = Base.lproj/LaunchScreen.storyboard; sourceTree = "<group>"; };
		AA1160141F61214600958EE3 /* Info.plist */ = {isa = PBXFileReference; lastKnownFileType = text.plist.xml; path = Info.plist; sourceTree = "<group>"; };
		AA1160191F61214600958EE3 /* NSOprationDemoTests.xctest */ = {isa = PBXFileReference; explicitFileType = wrapper.cfbundle; includeInIndex = 0; path = NSOprationDemoTests.xctest; sourceTree = BUILT_PRODUCTS_DIR; };
		AA11601D1F61214700958EE3 /* NSOprationDemoTests.m */ = {isa = PBXFileReference; lastKnownFileType = sourcecode.c.objc; path = NSOprationDemoTests.m; sourceTree = "<group>"; };
		AA11601F1F61214700958EE3 /* Info.plist */ = {isa = PBXFileReference; lastKnownFileType = text.plist.xml; path = Info.plist; sourceTree = "<group>"; };
		AA1160241F61214700958EE3 /* NSOprationDemoUITests.xctest */ = {isa = PBXFileReference; explicitFileType = wrapper.cfbundle; includeInIndex = 0; path = NSOprationDemoUITests.xctest; sourceTree = BUILT_PRODUCTS_DIR; };
		AA1160281F61214700958EE3 /* NSOprationDemoUITests.m */ = {isa = PBXFileReference; lastKnownFileType = sourcecode.c.objc; path = NSOprationDemoUITests.m; sourceTree = "<group>"; };
		AA11602A1F61214700958EE3 /* Info.plist */ = {isa = PBXFileReference; lastKnownFileType = text.plist.xml; path = Info.plist; sourceTree = "<group>"; };
/* End PBXFileReference section */

/* Begin PBXFrameworksBuildPhase section */
		AA115FFD1F61214600958EE3 /* Frameworks */ = {
			isa = PBXFrameworksBuildPhase;
			buildActionMask = 2147483647;
			files = (
			);
			runOnlyForDeploymentPostprocessing = 0;
		};
		AA1160161F61214600958EE3 /* Frameworks */ = {
			isa = PBXFrameworksBuildPhase;
			buildActionMask = 2147483647;
			files = (
			);
			runOnlyForDeploymentPostprocessing = 0;
		};
		AA1160211F61214700958EE3 /* Frameworks */ = {
			isa = PBXFrameworksBuildPhase;
			buildActionMask = 2147483647;
			files = (
			);
			runOnlyForDeploymentPostprocessing = 0;
		};
/* End PBXFrameworksBuildPhase section */

/* Begin PBXGroup section */
		AA115FF71F61214600958EE3 = {
			isa = PBXGroup;
			children = (
				AA1160021F61214600958EE3 /* NSOprationDemo */,
				AA11601C1F61214700958EE3 /* NSOprationDemoTests */,
				AA1160271F61214700958EE3 /* NSOprationDemoUITests */,
				AA1160011F61214600958EE3 /* Products */,
			);
			sourceTree = "<group>";
		};
		AA1160011F61214600958EE3 /* Products */ = {
			isa = PBXGroup;
			children = (
				AA1160001F61214600958EE3 /* NSOprationDemo.app */,
				AA1160191F61214600958EE3 /* NSOprationDemoTests.xctest */,
				AA1160241F61214700958EE3 /* NSOprationDemoUITests.xctest */,
			);
			name = Products;
			sourceTree = "<group>";
		};
		AA1160021F61214600958EE3 /* NSOprationDemo */ = {
			isa = PBXGroup;
			children = (
				AA1160061F61214600958EE3 /* AppDelegate.h */,
				AA1160071F61214600958EE3 /* AppDelegate.m */,
				AA1160091F61214600958EE3 /* ViewController.h */,
				AA11600A1F61214600958EE3 /* ViewController.m */,
				AA11600C1F61214600958EE3 /* Main.storyboard */,
				AA11600F1F61214600958EE3 /* Assets.xcassets */,
				AA1160111F61214600958EE3 /* LaunchScreen.storyboard */,
				AA1160141F61214600958EE3 /* Info.plist */,
				AA1160031F61214600958EE3 /* Supporting Files */,
			);
			path = NSOprationDemo;
			sourceTree = "<group>";
		};
		AA1160031F61214600958EE3 /* Supporting Files */ = {
			isa = PBXGroup;
			children = (
				AA1160041F61214600958EE3 /* main.m */,
			);
			name = "Supporting Files";
			sourceTree = "<group>";
		};
		AA11601C1F61214700958EE3 /* NSOprationDemoTests */ = {
			isa = PBXGroup;
			children = (
				AA11601D1F61214700958EE3 /* NSOprationDemoTests.m */,
				AA11601F1F61214700958EE3 /* Info.plist */,
			);
			path = NSOprationDemoTests;
			sourceTree = "<group>";
		};
		AA1160271F61214700958EE3 /* NSOprationDemoUITests */ = {
			isa = PBXGroup;
			children = (
				AA1160281F61214700958EE3 /* NSOprationDemoUITests.m */,
				AA11602A1F61214700958EE3 /* Info.plist */,
			);
			path = NSOprationDemoUITests;
			sourceTree = "<group>";
		};
/* End PBXGroup section */

/* Begin PBXNativeTarget section */
		AA115FFF1F61214600958EE3 /* NSOprationDemo */ = {
			isa = PBXNativeTarget;
			buildConfigurationList = AA11602D1F61214700958EE3 /* Build configuration list for PBXNativeTarget "NSOprationDemo" */;
			buildPhases = (
				AA115FFC1F61214600958EE3 /* Sources */,
				AA115FFD1F61214600958EE3 /* Frameworks */,
				AA115FFE1F61214600958EE3 /* Resources */,
			);
			buildRules = (
			);
			dependencies = (
			);
			name = NSOprationDemo;
			productName = NSOprationDemo;
			productReference = AA1160001F61214600958EE3 /* NSOprationDemo.app */;
			productType = "com.apple.product-type.application";
		};
		AA1160181F61214600958EE3 /* NSOprationDemoTests */ = {
			isa = PBXNativeTarget;
			buildConfigurationList = AA1160301F61214700958EE3 /* Build configuration list for PBXNativeTarget "NSOprationDemoTests" */;
			buildPhases = (
				AA1160151F61214600958EE3 /* Sources */,
				AA1160161F61214600958EE3 /* Frameworks */,
				AA1160171F61214600958EE3 /* Resources */,
			);
			buildRules = (
			);
			dependencies = (
				AA11601B1F61214600958EE3 /* PBXTargetDependency */,
			);
			name = NSOprationDemoTests;
			productName = NSOprationDemoTests;
			productReference = AA1160191F61214600958EE3 /* NSOprationDemoTests.xctest */;
			productType = "com.apple.product-type.bundle.unit-test";
		};
		AA1160231F61214700958EE3 /* NSOprationDemoUITests */ = {
			isa = PBXNativeTarget;
			buildConfigurationList = AA1160331F61214700958EE3 /* Build configuration list for PBXNativeTarget "NSOprationDemoUITests" */;
			buildPhases = (
				AA1160201F61214700958EE3 /* Sources */,
				AA1160211F61214700958EE3 /* Frameworks */,
				AA1160221F61214700958EE3 /* Resources */,
			);
			buildRules = (
			);
			dependencies = (
				AA1160261F61214700958EE3 /* PBXTargetDependency */,
			);
			name = NSOprationDemoUITests;
			productName = NSOprationDemoUITests;
			productReference = AA1160241F61214700958EE3 /* NSOprationDemoUITests.xctest */;
			productType = "com.apple.product-type.bundle.ui-testing";
		};
/* End PBXNativeTarget section */

/* Begin PBXProject section */
		AA115FF81F61214600958EE3 /* Project object */ = {
			isa = PBXProject;
			attributes = {
				LastUpgradeCheck = 0820;
				ORGANIZATIONNAME = sanyi;
				TargetAttributes = {
					AA115FFF1F61214600958EE3 = {
						CreatedOnToolsVersion = 8.2.1;
						DevelopmentTeam = WGLM2PFCF5;
						ProvisioningStyle = Automatic;
					};
					AA1160181F61214600958EE3 = {
						CreatedOnToolsVersion = 8.2.1;
						DevelopmentTeam = WGLM2PFCF5;
						ProvisioningStyle = Automatic;
						TestTargetID = AA115FFF1F61214600958EE3;
					};
					AA1160231F61214700958EE3 = {
						CreatedOnToolsVersion = 8.2.1;
						DevelopmentTeam = WGLM2PFCF5;
						ProvisioningStyle = Automatic;
						TestTargetID = AA115FFF1F61214600958EE3;
					};
				};
			};
			buildConfigurationList = AA115FFB1F61214600958EE3 /* Build configuration list for PBXProject "NSOprationDemo" */;
			compatibilityVersion = "Xcode 3.2";
			developmentRegion = English;
			hasScannedForEncodings = 0;
			knownRegions = (
				en,
				Base,
			);
			mainGroup = AA115FF71F61214600958EE3;
			productRefGroup = AA1160011F61214600958EE3 /* Products */;
			projectDirPath = "";
			projectRoot = "";
			targets = (
				AA115FFF1F61214600958EE3 /* NSOprationDemo */,
				AA1160181F61214600958EE3 /* NSOprationDemoTests */,
				AA1160231F61214700958EE3 /* NSOprationDemoUITests */,
			);
		};
/* End PBXProject section */

/* Begin PBXResourcesBuildPhase section */
		AA115FFE1F61214600958EE3 /* Resources */ = {
			isa = PBXResourcesBuildPhase;
			buildActionMask = 2147483647;
			files = (
				AA1160131F61214600958EE3 /* LaunchScreen.storyboard in Resources */,
				AA1160101F61214600958EE3 /* Assets.xcassets in Resources */,
				AA11600E1F61214600958EE3 /* Main.storyboard in Resources */,
			);
			runOnlyForDeploymentPostprocessing = 0;
		};
		AA1160171F61214600958EE3 /* Resources */ = {
			isa = PBXResourcesBuildPhase;
			buildActionMask = 2147483647;
			files = (
			);
			runOnlyForDeploymentPostprocessing = 0;
		};
		AA1160221F61214700958EE3 /* Resources */ = {
			isa = PBXResourcesBuildPhase;
			buildActionMask = 2147483647;
			files = (
			);
			runOnlyForDeploymentPostprocessing = 0;
		};
/* End PBXResourcesBuildPhase section */

/* Begin PBXSourcesBuildPhase section */
		AA115FFC1F61214600958EE3 /* Sources */ = {
			isa = PBXSourcesBuildPhase;
			buildActionMask = 2147483647;
			files = (
				AA11600B1F61214600958EE3 /* ViewController.m in Sources */,
				AA1160081F61214600958EE3 /* AppDelegate.m in Sources */,
				AA1160051F61214600958EE3 /* main.m in Sources */,
			);
			runOnlyForDeploymentPostprocessing = 0;
		};
		AA1160151F61214600958EE3 /* Sources */ = {
			isa = PBXSourcesBuildPhase;
			buildActionMask = 2147483647;
			files = (
				AA11601E1F61214700958EE3 /* NSOprationDemoTests.m in Sources */,
			);
			runOnlyForDeploymentPostprocessing = 0;
		};
		AA1160201F61214700958EE3 /* Sources */ = {
			isa = PBXSourcesBuildPhase;
			buildActionMask = 2147483647;
			files = (
				AA1160291F61214700958EE3 /* NSOprationDemoUITests.m in Sources */,
			);
			runOnlyForDeploymentPostprocessing = 0;
		};
/* End PBXSourcesBuildPhase section */

/* Begin PBXTargetDependency section */
		AA11601B1F61214600958EE3 /* PBXTargetDependency */ = {
			isa = PBXTargetDependency;
			target = AA115FFF1F61214600958EE3 /* NSOprationDemo */;
			targetProxy = AA11601A1F61214600958EE3 /* PBXContainerItemProxy */;
		};
		AA1160261F61214700958EE3 /* PBXTargetDependency */ = {
			isa = PBXTargetDependency;
			target = AA115FFF1F61214600958EE3 /* NSOprationDemo */;
			targetProxy = AA1160251F61214700958EE3 /* PBXContainerItemProxy */;
		};
/* End PBXTargetDependency section */

/* Begin PBXVariantGroup section */
		AA11600C1F61214600958EE3 /* Main.storyboard */ = {
			isa = PBXVariantGroup;
			children = (
				AA11600D1F61214600958EE3 /* Base */,
			);
			name = Main.storyboard;
			sourceTree = "<group>";
		};
		AA1160111F61214600958EE3 /* LaunchScreen.storyboard */ = {
			isa = PBXVariantGroup;
			children = (
				AA1160121F61214600958EE3 /* Base */,
			);
			name = LaunchScreen.storyboard;
			sourceTree = "<group>";
		};
/* End PBXVariantGroup section */

/* Begin XCBuildConfiguration section */
		AA11602B1F61214700958EE3 /* Debug */ = {
			isa = XCBuildConfiguration;
			buildSettings = {
				ALWAYS_SEARCH_USER_PATHS = NO;
				CLANG_ANALYZER_NONNULL = YES;
				CLANG_CXX_LANGUAGE_STANDARD = "gnu++0x";
				CLANG_CXX_LIBRARY = "libc++";
				CLANG_ENABLE_MODULES = YES;
				CLANG_ENABLE_OBJC_ARC = YES;
				CLANG_WARN_BOOL_CONVERSION = YES;
				CLANG_WARN_CONSTANT_CONVERSION = YES;
				CLANG_WARN_DIRECT_OBJC_ISA_USAGE = YES_ERROR;
				CLANG_WARN_DOCUMENTATION_COMMENTS = YES;
				CLANG_WARN_EMPTY_BODY = YES;
				CLANG_WARN_ENUM_CONVERSION = YES;
				CLANG_WARN_INFINITE_RECURSION = YES;
				CLANG_WARN_INT_CONVERSION = YES;
				CLANG_WARN_OBJC_ROOT_CLASS = YES_ERROR;
				CLANG_WARN_SUSPICIOUS_MOVE = YES;
				CLANG_WARN_UNREACHABLE_CODE = YES;
				CLANG_WARN__DUPLICATE_METHOD_MATCH = YES;
				"CODE_SIGN_IDENTITY[sdk=iphoneos*]" = "iPhone Developer";
				COPY_PHASE_STRIP = NO;
				DEBUG_INFORMATION_FORMAT = dwarf;
				ENABLE_STRICT_OBJC_MSGSEND = YES;
				ENABLE_TESTABILITY = YES;
				GCC_C_LANGUAGE_STANDARD = gnu99;
				GCC_DYNAMIC_NO_PIC = NO;
				GCC_NO_COMMON_BLOCKS = YES;
				GCC_OPTIMIZATION_LEVEL = 0;
				GCC_PREPROCESSOR_DEFINITIONS = (
					"DEBUG=1",
					"$(inherited)",
				);
				GCC_WARN_64_TO_32_BIT_CONVERSION = YES;
				GCC_WARN_ABOUT_RETURN_TYPE = YES_ERROR;
				GCC_WARN_UNDECLARED_SELECTOR = YES;
				GCC_WARN_UNINITIALIZED_AUTOS = YES_AGGRESSIVE;
				GCC_WARN_UNUSED_FUNCTION = YES;
				GCC_WARN_UNUSED_VARIABLE = YES;
				IPHONEOS_DEPLOYMENT_TARGET = 10.2;
				MTL_ENABLE_DEBUG_INFO = YES;
				ONLY_ACTIVE_ARCH = YES;
				SDKROOT = iphoneos;
			};
			name = Debug;
		};
		AA11602C1F61214700958EE3 /* Release */ = {
			isa = XCBuildConfiguration;
			buildSettings = {
				ALWAYS_SEARCH_USER_PATHS = NO;
				CLANG_ANALYZER_NONNULL = YES;
				CLANG_CXX_LANGUAGE_STANDARD = "gnu++0x";
				CLANG_CXX_LIBRARY = "libc++";
				CLANG_ENABLE_MODULES = YES;
				CLANG_ENABLE_OBJC_ARC = YES;
				CLANG_WARN_BOOL_CONVERSION = YES;
				CLANG_WARN_CONSTANT_CONVERSION = YES;
				CLANG_WARN_DIRECT_OBJC_ISA_USAGE = YES_ERROR;
				CLANG_WARN_DOCUMENTATION_COMMENTS = YES;
				CLANG_WARN_EMPTY_BODY = YES;
				CLANG_WARN_ENUM_CONVERSION = YES;
				CLANG_WARN_INFINITE_RECURSION = YES;
				CLANG_WARN_INT_CONVERSION = YES;
				CLANG_WARN_OBJC_ROOT_CLASS = YES_ERROR;
				CLANG_WARN_SUSPICIOUS_MOVE = YES;
				CLANG_WARN_UNREACHABLE_CODE = YES;
				CLANG_WARN__DUPLICATE_METHOD_MATCH = YES;
				"CODE_SIGN_IDENTITY[sdk=iphoneos*]" = "iPhone Developer";
				COPY_PHASE_STRIP = NO;
				DEBUG_INFORMATION_FORMAT = "dwarf-with-dsym";
				ENABLE_NS_ASSERTIONS = NO;
				ENABLE_STRICT_OBJC_MSGSEND = YES;
				GCC_C_LANGUAGE_STANDARD = gnu99;
				GCC_NO_COMMON_BLOCKS = YES;
				GCC_WARN_64_TO_32_BIT_CONVERSION = YES;
				GCC_WARN_ABOUT_RETURN_TYPE = YES_ERROR;
				GCC_WARN_UNDECLARED_SELECTOR = YES;
				GCC_WARN_UNINITIALIZED_AUTOS = YES_AGGRESSIVE;
				GCC_WARN_UNUSED_FUNCTION = YES;
				GCC_WARN_UNUSED_VARIABLE = YES;
				IPHONEOS_DEPLOYMENT_TARGET = 10.2;
				MTL_ENABLE_DEBUG_INFO = NO;
				SDKROOT = iphoneos;
				VALIDATE_PRODUCT = YES;
			};
			name = Release;
		};
		AA11602E1F61214700958EE3 /* Debug */ = {
			isa = XCBuildConfiguration;
			buildSettings = {
				ASSETCATALOG_COMPILER_APPICON_NAME = AppIcon;
				DEVELOPMENT_TEAM = WGLM2PFCF5;
				INFOPLIST_FILE = NSOprationDemo/Info.plist;
				LD_RUNPATH_SEARCH_PATHS = "$(inherited) @executable_path/Frameworks";
				PRODUCT_BUNDLE_IDENTIFIER = com.sanyi.NSOprationDemo;
				PRODUCT_NAME = "$(TARGET_NAME)";
			};
			name = Debug;
		};
		AA11602F1F61214700958EE3 /* Release */ = {
			isa = XCBuildConfiguration;
			buildSettings = {
				ASSETCATALOG_COMPILER_APPICON_NAME = AppIcon;
				DEVELOPMENT_TEAM = WGLM2PFCF5;
				INFOPLIST_FILE = NSOprationDemo/Info.plist;
				LD_RUNPATH_SEARCH_PATHS = "$(inherited) @executable_path/Frameworks";
				PRODUCT_BUNDLE_IDENTIFIER = com.sanyi.NSOprationDemo;
				PRODUCT_NAME = "$(TARGET_NAME)";
			};
			name = Release;
		};
		AA1160311F61214700958EE3 /* Debug */ = {
			isa = XCBuildConfiguration;
			buildSettings = {
				BUNDLE_LOADER = "$(TEST_HOST)";
				DEVELOPMENT_TEAM = WGLM2PFCF5;
				INFOPLIST_FILE = NSOprationDemoTests/Info.plist;
				LD_RUNPATH_SEARCH_PATHS = "$(inherited) @executable_path/Frameworks @loader_path/Frameworks";
				PRODUCT_BUNDLE_IDENTIFIER = com.sanyi.NSOprationDemoTests;
				PRODUCT_NAME = "$(TARGET_NAME)";
				TEST_HOST = "$(BUILT_PRODUCTS_DIR)/NSOprationDemo.app/NSOprationDemo";
			};
			name = Debug;
		};
		AA1160321F61214700958EE3 /* Release */ = {
			isa = XCBuildConfiguration;
			buildSettings = {
				BUNDLE_LOADER = "$(TEST_HOST)";
				DEVELOPMENT_TEAM = WGLM2PFCF5;
				INFOPLIST_FILE = NSOprationDemoTests/Info.plist;
				LD_RUNPATH_SEARCH_PATHS = "$(inherited) @executable_path/Frameworks @loader_path/Frameworks";
				PRODUCT_BUNDLE_IDENTIFIER = com.sanyi.NSOprationDemoTests;
				PRODUCT_NAME = "$(TARGET_NAME)";
				TEST_HOST = "$(BUILT_PRODUCTS_DIR)/NSOprationDemo.app/NSOprationDemo";
			};
			name = Release;
		};
		AA1160341F61214700958EE3 /* Debug */ = {
			isa = XCBuildConfiguration;
			buildSettings = {
				DEVELOPMENT_TEAM = WGLM2PFCF5;
				INFOPLIST_FILE = NSOprationDemoUITests/Info.plist;
				LD_RUNPATH_SEARCH_PATHS = "$(inherited) @executable_path/Frameworks @loader_path/Frameworks";
				PRODUCT_BUNDLE_IDENTIFIER = com.sanyi.NSOprationDemoUITests;
				PRODUCT_NAME = "$(TARGET_NAME)";
				TEST_TARGET_NAME = NSOprationDemo;
			};
			name = Debug;
		};
		AA1160351F61214700958EE3 /* Release */ = {
			isa = XCBuildConfiguration;
			buildSettings = {
				DEVELOPMENT_TEAM = WGLM2PFCF5;
				INFOPLIST_FILE = NSOprationDemoUITests/Info.plist;
				LD_RUNPATH_SEARCH_PATHS = "$(inherited) @executable_path/Frameworks @loader_path/Frameworks";
				PRODUCT_BUNDLE_IDENTIFIER = com.sanyi.NSOprationDemoUITests;
				PRODUCT_NAME = "$(TARGET_NAME)";
				TEST_TARGET_NAME = NSOprationDemo;
			};
			name = Release;
		};
/* End XCBuildConfiguration section */

/* Begin XCConfigurationList section */
		AA115FFB1F61214600958EE3 /* Build configuration list for PBXProject "NSOprationDemo" */ = {
			isa = XCConfigurationList;
			buildConfigurations = (
				AA11602B1F61214700958EE3 /* Debug */,
				AA11602C1F61214700958EE3 /* Release */,
			);
			defaultConfigurationIsVisible = 0;
			defaultConfigurationName = Release;
		};
		AA11602D1F61214700958EE3 /* Build configuration list for PBXNativeTarget "NSOprationDemo" */ = {
			isa = XCConfigurationList;
			buildConfigurations = (
				AA11602E1F61214700958EE3 /* Debug */,
				AA11602F1F61214700958EE3 /* Release */,
			);
			defaultConfigurationIsVisible = 0;
		};
		AA1160301F61214700958EE3 /* Build configuration list for PBXNativeTarget "NSOprationDemoTests" */ = {
			isa = XCConfigurationList;
			buildConfigurations = (
				AA1160311F61214700958EE3 /* Debug */,
				AA1160321F61214700958EE3 /* Release */,
			);
			defaultConfigurationIsVisible = 0;
		};
		AA1160331F61214700958EE3 /* Build configuration list for PBXNativeTarget "NSOprationDemoUITests" */ = {
			isa = XCConfigurationList;
			buildConfigurations = (
				AA1160341F61214700958EE3 /* Debug */,
				AA1160351F61214700958EE3 /* Release */,
			);
			defaultConfigurationIsVisible = 0;
		};
/* End XCConfigurationList section */
	};
	rootObject = AA115FF81F61214600958EE3 /* Project object */;
}
