// !$*UTF8*$!
{
	archiveVersion = 1;
	classes = {
	};
	objectVersion = 46;
	objects = {

/* Begin PBXBuildFile section */
		AAF00C701F55819C0058A476 /* main.m in Sources */ = {isa = PBXBuildFile; fileRef = AAF00C6F1F55819C0058A476 /* main.m */; };
		AAF00C731F55819C0058A476 /* AppDelegate.m in Sources */ = {isa = PBXBuildFile; fileRef = AAF00C721F55819C0058A476 /* AppDelegate.m */; };
		AAF00C761F55819C0058A476 /* ViewController.m in Sources */ = {isa = PBXBuildFile; fileRef = AAF00C751F55819C0058A476 /* ViewController.m */; };
		AAF00C791F55819C0058A476 /* Main.storyboard in Resources */ = {isa = PBXBuildFile; fileRef = AAF00C771F55819C0058A476 /* Main.storyboard */; };
		AAF00C7B1F55819C0058A476 /* Assets.xcassets in Resources */ = {isa = PBXBuildFile; fileRef = AAF00C7A1F55819C0058A476 /* Assets.xcassets */; };
		AAF00C7E1F55819C0058A476 /* LaunchScreen.storyboard in Resources */ = {isa = PBXBuildFile; fileRef = AAF00C7C1F55819C0058A476 /* LaunchScreen.storyboard */; };
		AAF00C891F55819D0058A476 /* ____Tests.m in Sources */ = {isa = PBXBuildFile; fileRef = AAF00C881F55819D0058A476 /* ____Tests.m */; };
		AAF00C941F55819D0058A476 /* ____UITests.m in Sources */ = {isa = PBXBuildFile; fileRef = AAF00C931F55819D0058A476 /* ____UITests.m */; };
/* End PBXBuildFile section */

/* Begin PBXContainerItemProxy section */
		AAF00C851F55819D0058A476 /* PBXContainerItemProxy */ = {
			isa = PBXContainerItemProxy;
			containerPortal = AAF00C631F55819C0058A476 /* Project object */;
			proxyType = 1;
			remoteGlobalIDString = AAF00C6A1F55819C0058A476;
			remoteInfo = "线程死锁";
		};
		AAF00C901F55819D0058A476 /* PBXContainerItemProxy */ = {
			isa = PBXContainerItemProxy;
			containerPortal = AAF00C631F55819C0058A476 /* Project object */;
			proxyType = 1;
			remoteGlobalIDString = AAF00C6A1F55819C0058A476;
			remoteInfo = "线程死锁";
		};
/* End PBXContainerItemProxy section */

/* Begin PBXFileReference section */
		AAF00C6B1F55819C0058A476 /* 线程死锁.app */ = {isa = PBXFileReference; explicitFileType = wrapper.application; includeInIndex = 0; path = "线程死锁.app"; sourceTree = BUILT_PRODUCTS_DIR; };
		AAF00C6F1F55819C0058A476 /* main.m */ = {isa = PBXFileReference; lastKnownFileType = sourcecode.c.objc; path = main.m; sourceTree = "<group>"; };
		AAF00C711F55819C0058A476 /* AppDelegate.h */ = {isa = PBXFileReference; lastKnownFileType = sourcecode.c.h; path = AppDelegate.h; sourceTree = "<group>"; };
		AAF00C721F55819C0058A476 /* AppDelegate.m */ = {isa = PBXFileReference; lastKnownFileType = sourcecode.c.objc; path = AppDelegate.m; sourceTree = "<group>"; };
		AAF00C741F55819C0058A476 /* ViewController.h */ = {isa = PBXFileReference; lastKnownFileType = sourcecode.c.h; path = ViewController.h; sourceTree = "<group>"; };
		AAF00C751F55819C0058A476 /* ViewController.m */ = {isa = PBXFileReference; lastKnownFileType = sourcecode.c.objc; path = ViewController.m; sourceTree = "<group>"; };
		AAF00C781F55819C0058A476 /* Base */ = {isa = PBXFileReference; lastKnownFileType = file.storyboard; name = Base; path = Base.lproj/Main.storyboard; sourceTree = "<group>"; };
		AAF00C7A1F55819C0058A476 /* Assets.xcassets */ = {isa = PBXFileReference; lastKnownFileType = folder.assetcatalog; path = Assets.xcassets; sourceTree = "<group>"; };
		AAF00C7D1F55819C0058A476 /* Base */ = {isa = PBXFileReference; lastKnownFileType = file.storyboard; name = Base; path = Base.lproj/LaunchScreen.storyboard; sourceTree = "<group>"; };
		AAF00C7F1F55819C0058A476 /* Info.plist */ = {isa = PBXFileReference; lastKnownFileType = text.plist.xml; path = Info.plist; sourceTree = "<group>"; };
		AAF00C841F55819D0058A476 /* 线程死锁Tests.xctest */ = {isa = PBXFileReference; explicitFileType = wrapper.cfbundle; includeInIndex = 0; path = "线程死锁Tests.xctest"; sourceTree = BUILT_PRODUCTS_DIR; };
		AAF00C881F55819D0058A476 /* ____Tests.m */ = {isa = PBXFileReference; lastKnownFileType = sourcecode.c.objc; path = "____Tests.m"; sourceTree = "<group>"; };
		AAF00C8A1F55819D0058A476 /* Info.plist */ = {isa = PBXFileReference; lastKnownFileType = text.plist.xml; path = Info.plist; sourceTree = "<group>"; };
		AAF00C8F1F55819D0058A476 /* 线程死锁UITests.xctest */ = {isa = PBXFileReference; explicitFileType = wrapper.cfbundle; includeInIndex = 0; path = "线程死锁UITests.xctest"; sourceTree = BUILT_PRODUCTS_DIR; };
		AAF00C931F55819D0058A476 /* ____UITests.m */ = {isa = PBXFileReference; lastKnownFileType = sourcecode.c.objc; path = "____UITests.m"; sourceTree = "<group>"; };
		AAF00C951F55819D0058A476 /* Info.plist */ = {isa = PBXFileReference; lastKnownFileType = text.plist.xml; path = Info.plist; sourceTree = "<group>"; };
/* End PBXFileReference section */

/* Begin PBXFrameworksBuildPhase section */
		AAF00C681F55819C0058A476 /* Frameworks */ = {
			isa = PBXFrameworksBuildPhase;
			buildActionMask = 2147483647;
			files = (
			);
			runOnlyForDeploymentPostprocessing = 0;
		};
		AAF00C811F55819D0058A476 /* Frameworks */ = {
			isa = PBXFrameworksBuildPhase;
			buildActionMask = 2147483647;
			files = (
			);
			runOnlyForDeploymentPostprocessing = 0;
		};
		AAF00C8C1F55819D0058A476 /* Frameworks */ = {
			isa = PBXFrameworksBuildPhase;
			buildActionMask = 2147483647;
			files = (
			);
			runOnlyForDeploymentPostprocessing = 0;
		};
/* End PBXFrameworksBuildPhase section */

/* Begin PBXGroup section */
		AAF00C621F55819C0058A476 = {
			isa = PBXGroup;
			children = (
				AAF00C6D1F55819C0058A476 /* 线程死锁 */,
				AAF00C871F55819D0058A476 /* 线程死锁Tests */,
				AAF00C921F55819D0058A476 /* 线程死锁UITests */,
				AAF00C6C1F55819C0058A476 /* Products */,
			);
			sourceTree = "<group>";
		};
		AAF00C6C1F55819C0058A476 /* Products */ = {
			isa = PBXGroup;
			children = (
				AAF00C6B1F55819C0058A476 /* 线程死锁.app */,
				AAF00C841F55819D0058A476 /* 线程死锁Tests.xctest */,
				AAF00C8F1F55819D0058A476 /* 线程死锁UITests.xctest */,
			);
			name = Products;
			sourceTree = "<group>";
		};
		AAF00C6D1F55819C0058A476 /* 线程死锁 */ = {
			isa = PBXGroup;
			children = (
				AAF00C711F55819C0058A476 /* AppDelegate.h */,
				AAF00C721F55819C0058A476 /* AppDelegate.m */,
				AAF00C741F55819C0058A476 /* ViewController.h */,
				AAF00C751F55819C0058A476 /* ViewController.m */,
				AAF00C771F55819C0058A476 /* Main.storyboard */,
				AAF00C7A1F55819C0058A476 /* Assets.xcassets */,
				AAF00C7C1F55819C0058A476 /* LaunchScreen.storyboard */,
				AAF00C7F1F55819C0058A476 /* Info.plist */,
				AAF00C6E1F55819C0058A476 /* Supporting Files */,
			);
			path = "线程死锁";
			sourceTree = "<group>";
		};
		AAF00C6E1F55819C0058A476 /* Supporting Files */ = {
			isa = PBXGroup;
			children = (
				AAF00C6F1F55819C0058A476 /* main.m */,
			);
			name = "Supporting Files";
			sourceTree = "<group>";
		};
		AAF00C871F55819D0058A476 /* 线程死锁Tests */ = {
			isa = PBXGroup;
			children = (
				AAF00C881F55819D0058A476 /* ____Tests.m */,
				AAF00C8A1F55819D0058A476 /* Info.plist */,
			);
			path = "线程死锁Tests";
			sourceTree = "<group>";
		};
		AAF00C921F55819D0058A476 /* 线程死锁UITests */ = {
			isa = PBXGroup;
			children = (
				AAF00C931F55819D0058A476 /* ____UITests.m */,
				AAF00C951F55819D0058A476 /* Info.plist */,
			);
			path = "线程死锁UITests";
			sourceTree = "<group>";
		};
/* End PBXGroup section */

/* Begin PBXNativeTarget section */
		AAF00C6A1F55819C0058A476 /* 线程死锁 */ = {
			isa = PBXNativeTarget;
			buildConfigurationList = AAF00C981F55819D0058A476 /* Build configuration list for PBXNativeTarget "线程死锁" */;
			buildPhases = (
				AAF00C671F55819C0058A476 /* Sources */,
				AAF00C681F55819C0058A476 /* Frameworks */,
				AAF00C691F55819C0058A476 /* Resources */,
			);
			buildRules = (
			);
			dependencies = (
			);
			name = "线程死锁";
			productName = "线程死锁";
			productReference = AAF00C6B1F55819C0058A476 /* 线程死锁.app */;
			productType = "com.apple.product-type.application";
		};
		AAF00C831F55819D0058A476 /* 线程死锁Tests */ = {
			isa = PBXNativeTarget;
			buildConfigurationList = AAF00C9B1F55819D0058A476 /* Build configuration list for PBXNativeTarget "线程死锁Tests" */;
			buildPhases = (
				AAF00C801F55819D0058A476 /* Sources */,
				AAF00C811F55819D0058A476 /* Frameworks */,
				AAF00C821F55819D0058A476 /* Resources */,
			);
			buildRules = (
			);
			dependencies = (
				AAF00C861F55819D0058A476 /* PBXTargetDependency */,
			);
			name = "线程死锁Tests";
			productName = "线程死锁Tests";
			productReference = AAF00C841F55819D0058A476 /* 线程死锁Tests.xctest */;
			productType = "com.apple.product-type.bundle.unit-test";
		};
		AAF00C8E1F55819D0058A476 /* 线程死锁UITests */ = {
			isa = PBXNativeTarget;
			buildConfigurationList = AAF00C9E1F55819D0058A476 /* Build configuration list for PBXNativeTarget "线程死锁UITests" */;
			buildPhases = (
				AAF00C8B1F55819D0058A476 /* Sources */,
				AAF00C8C1F55819D0058A476 /* Frameworks */,
				AAF00C8D1F55819D0058A476 /* Resources */,
			);
			buildRules = (
			);
			dependencies = (
				AAF00C911F55819D0058A476 /* PBXTargetDependency */,
			);
			name = "线程死锁UITests";
			productName = "线程死锁UITests";
			productReference = AAF00C8F1F55819D0058A476 /* 线程死锁UITests.xctest */;
			productType = "com.apple.product-type.bundle.ui-testing";
		};
/* End PBXNativeTarget section */

/* Begin PBXProject section */
		AAF00C631F55819C0058A476 /* Project object */ = {
			isa = PBXProject;
			attributes = {
				LastUpgradeCheck = 0820;
				ORGANIZATIONNAME = sanyi;
				TargetAttributes = {
					AAF00C6A1F55819C0058A476 = {
						CreatedOnToolsVersion = 8.2.1;
						DevelopmentTeam = WGLM2PFCF5;
						ProvisioningStyle = Automatic;
					};
					AAF00C831F55819D0058A476 = {
						CreatedOnToolsVersion = 8.2.1;
						DevelopmentTeam = WGLM2PFCF5;
						ProvisioningStyle = Automatic;
						TestTargetID = AAF00C6A1F55819C0058A476;
					};
					AAF00C8E1F55819D0058A476 = {
						CreatedOnToolsVersion = 8.2.1;
						DevelopmentTeam = WGLM2PFCF5;
						ProvisioningStyle = Automatic;
						TestTargetID = AAF00C6A1F55819C0058A476;
					};
				};
			};
			buildConfigurationList = AAF00C661F55819C0058A476 /* Build configuration list for PBXProject "线程死锁" */;
			compatibilityVersion = "Xcode 3.2";
			developmentRegion = English;
			hasScannedForEncodings = 0;
			knownRegions = (
				en,
				Base,
			);
			mainGroup = AAF00C621F55819C0058A476;
			productRefGroup = AAF00C6C1F55819C0058A476 /* Products */;
			projectDirPath = "";
			projectRoot = "";
			targets = (
				AAF00C6A1F55819C0058A476 /* 线程死锁 */,
				AAF00C831F55819D0058A476 /* 线程死锁Tests */,
				AAF00C8E1F55819D0058A476 /* 线程死锁UITests */,
			);
		};
/* End PBXProject section */

/* Begin PBXResourcesBuildPhase section */
		AAF00C691F55819C0058A476 /* Resources */ = {
			isa = PBXResourcesBuildPhase;
			buildActionMask = 2147483647;
			files = (
				AAF00C7E1F55819C0058A476 /* LaunchScreen.storyboard in Resources */,
				AAF00C7B1F55819C0058A476 /* Assets.xcassets in Resources */,
				AAF00C791F55819C0058A476 /* Main.storyboard in Resources */,
			);
			runOnlyForDeploymentPostprocessing = 0;
		};
		AAF00C821F55819D0058A476 /* Resources */ = {
			isa = PBXResourcesBuildPhase;
			buildActionMask = 2147483647;
			files = (
			);
			runOnlyForDeploymentPostprocessing = 0;
		};
		AAF00C8D1F55819D0058A476 /* Resources */ = {
			isa = PBXResourcesBuildPhase;
			buildActionMask = 2147483647;
			files = (
			);
			runOnlyForDeploymentPostprocessing = 0;
		};
/* End PBXResourcesBuildPhase section */

/* Begin PBXSourcesBuildPhase section */
		AAF00C671F55819C0058A476 /* Sources */ = {
			isa = PBXSourcesBuildPhase;
			buildActionMask = 2147483647;
			files = (
				AAF00C761F55819C0058A476 /* ViewController.m in Sources */,
				AAF00C731F55819C0058A476 /* AppDelegate.m in Sources */,
				AAF00C701F55819C0058A476 /* main.m in Sources */,
			);
			runOnlyForDeploymentPostprocessing = 0;
		};
		AAF00C801F55819D0058A476 /* Sources */ = {
			isa = PBXSourcesBuildPhase;
			buildActionMask = 2147483647;
			files = (
				AAF00C891F55819D0058A476 /* ____Tests.m in Sources */,
			);
			runOnlyForDeploymentPostprocessing = 0;
		};
		AAF00C8B1F55819D0058A476 /* Sources */ = {
			isa = PBXSourcesBuildPhase;
			buildActionMask = 2147483647;
			files = (
				AAF00C941F55819D0058A476 /* ____UITests.m in Sources */,
			);
			runOnlyForDeploymentPostprocessing = 0;
		};
/* End PBXSourcesBuildPhase section */

/* Begin PBXTargetDependency section */
		AAF00C861F55819D0058A476 /* PBXTargetDependency */ = {
			isa = PBXTargetDependency;
			target = AAF00C6A1F55819C0058A476 /* 线程死锁 */;
			targetProxy = AAF00C851F55819D0058A476 /* PBXContainerItemProxy */;
		};
		AAF00C911F55819D0058A476 /* PBXTargetDependency */ = {
			isa = PBXTargetDependency;
			target = AAF00C6A1F55819C0058A476 /* 线程死锁 */;
			targetProxy = AAF00C901F55819D0058A476 /* PBXContainerItemProxy */;
		};
/* End PBXTargetDependency section */

/* Begin PBXVariantGroup section */
		AAF00C771F55819C0058A476 /* Main.storyboard */ = {
			isa = PBXVariantGroup;
			children = (
				AAF00C781F55819C0058A476 /* Base */,
			);
			name = Main.storyboard;
			sourceTree = "<group>";
		};
		AAF00C7C1F55819C0058A476 /* LaunchScreen.storyboard */ = {
			isa = PBXVariantGroup;
			children = (
				AAF00C7D1F55819C0058A476 /* Base */,
			);
			name = LaunchScreen.storyboard;
			sourceTree = "<group>";
		};
/* End PBXVariantGroup section */

/* Begin XCBuildConfiguration section */
		AAF00C961F55819D0058A476 /* Debug */ = {
			isa = XCBuildConfiguration;
			buildSettings = {
				ALWAYS_SEARCH_USER_PATHS = NO;
				CLANG_ANALYZER_NONNULL = YES;
				CLANG_CXX_LANGUAGE_STANDARD = "gnu++0x";
				CLANG_CXX_LIBRARY = "libc++";
				CLANG_ENABLE_MODULES = YES;
				CLANG_ENABLE_OBJC_ARC = YES;
				CLANG_WARN_BOOL_CONVERSION = YES;
				CLANG_WARN_CONSTANT_CONVERSION = YES;
				CLANG_WARN_DIRECT_OBJC_ISA_USAGE = YES_ERROR;
				CLANG_WARN_DOCUMENTATION_COMMENTS = YES;
				CLANG_WARN_EMPTY_BODY = YES;
				CLANG_WARN_ENUM_CONVERSION = YES;
				CLANG_WARN_INFINITE_RECURSION = YES;
				CLANG_WARN_INT_CONVERSION = YES;
				CLANG_WARN_OBJC_ROOT_CLASS = YES_ERROR;
				CLANG_WARN_SUSPICIOUS_MOVE = YES;
				CLANG_WARN_UNREACHABLE_CODE = YES;
				CLANG_WARN__DUPLICATE_METHOD_MATCH = YES;
				"CODE_SIGN_IDENTITY[sdk=iphoneos*]" = "iPhone Developer";
				COPY_PHASE_STRIP = NO;
				DEBUG_INFORMATION_FORMAT = dwarf;
				ENABLE_STRICT_OBJC_MSGSEND = YES;
				ENABLE_TESTABILITY = YES;
				GCC_C_LANGUAGE_STANDARD = gnu99;
				GCC_DYNAMIC_NO_PIC = NO;
				GCC_NO_COMMON_BLOCKS = YES;
				GCC_OPTIMIZATION_LEVEL = 0;
				GCC_PREPROCESSOR_DEFINITIONS = (
					"DEBUG=1",
					"$(inherited)",
				);
				GCC_WARN_64_TO_32_BIT_CONVERSION = YES;
				GCC_WARN_ABOUT_RETURN_TYPE = YES_ERROR;
				GCC_WARN_UNDECLARED_SELECTOR = YES;
				GCC_WARN_UNINITIALIZED_AUTOS = YES_AGGRESSIVE;
				GCC_WARN_UNUSED_FUNCTION = YES;
				GCC_WARN_UNUSED_VARIABLE = YES;
				IPHONEOS_DEPLOYMENT_TARGET = 10.2;
				MTL_ENABLE_DEBUG_INFO = YES;
				ONLY_ACTIVE_ARCH = YES;
				SDKROOT = iphoneos;
			};
			name = Debug;
		};
		AAF00C971F55819D0058A476 /* Release */ = {
			isa = XCBuildConfiguration;
			buildSettings = {
				ALWAYS_SEARCH_USER_PATHS = NO;
				CLANG_ANALYZER_NONNULL = YES;
				CLANG_CXX_LANGUAGE_STANDARD = "gnu++0x";
				CLANG_CXX_LIBRARY = "libc++";
				CLANG_ENABLE_MODULES = YES;
				CLANG_ENABLE_OBJC_ARC = YES;
				CLANG_WARN_BOOL_CONVERSION = YES;
				CLANG_WARN_CONSTANT_CONVERSION = YES;
				CLANG_WARN_DIRECT_OBJC_ISA_USAGE = YES_ERROR;
				CLANG_WARN_DOCUMENTATION_COMMENTS = YES;
				CLANG_WARN_EMPTY_BODY = YES;
				CLANG_WARN_ENUM_CONVERSION = YES;
				CLANG_WARN_INFINITE_RECURSION = YES;
				CLANG_WARN_INT_CONVERSION = YES;
				CLANG_WARN_OBJC_ROOT_CLASS = YES_ERROR;
				CLANG_WARN_SUSPICIOUS_MOVE = YES;
				CLANG_WARN_UNREACHABLE_CODE = YES;
				CLANG_WARN__DUPLICATE_METHOD_MATCH = YES;
				"CODE_SIGN_IDENTITY[sdk=iphoneos*]" = "iPhone Developer";
				COPY_PHASE_STRIP = NO;
				DEBUG_INFORMATION_FORMAT = "dwarf-with-dsym";
				ENABLE_NS_ASSERTIONS = NO;
				ENABLE_STRICT_OBJC_MSGSEND = YES;
				GCC_C_LANGUAGE_STANDARD = gnu99;
				GCC_NO_COMMON_BLOCKS = YES;
				GCC_WARN_64_TO_32_BIT_CONVERSION = YES;
				GCC_WARN_ABOUT_RETURN_TYPE = YES_ERROR;
				GCC_WARN_UNDECLARED_SELECTOR = YES;
				GCC_WARN_UNINITIALIZED_AUTOS = YES_AGGRESSIVE;
				GCC_WARN_UNUSED_FUNCTION = YES;
				GCC_WARN_UNUSED_VARIABLE = YES;
				IPHONEOS_DEPLOYMENT_TARGET = 10.2;
				MTL_ENABLE_DEBUG_INFO = NO;
				SDKROOT = iphoneos;
				VALIDATE_PRODUCT = YES;
			};
			name = Release;
		};
		AAF00C991F55819D0058A476 /* Debug */ = {
			isa = XCBuildConfiguration;
			buildSettings = {
				ASSETCATALOG_COMPILER_APPICON_NAME = AppIcon;
				DEVELOPMENT_TEAM = WGLM2PFCF5;
				INFOPLIST_FILE = "线程死锁/Info.plist";
				LD_RUNPATH_SEARCH_PATHS = "$(inherited) @executable_path/Frameworks";
				PRODUCT_BUNDLE_IDENTIFIER = "com.sanyi.----";
				PRODUCT_NAME = "$(TARGET_NAME)";
			};
			name = Debug;
		};
		AAF00C9A1F55819D0058A476 /* Release */ = {
			isa = XCBuildConfiguration;
			buildSettings = {
				ASSETCATALOG_COMPILER_APPICON_NAME = AppIcon;
				DEVELOPMENT_TEAM = WGLM2PFCF5;
				INFOPLIST_FILE = "线程死锁/Info.plist";
				LD_RUNPATH_SEARCH_PATHS = "$(inherited) @executable_path/Frameworks";
				PRODUCT_BUNDLE_IDENTIFIER = "com.sanyi.----";
				PRODUCT_NAME = "$(TARGET_NAME)";
			};
			name = Release;
		};
		AAF00C9C1F55819D0058A476 /* Debug */ = {
			isa = XCBuildConfiguration;
			buildSettings = {
				BUNDLE_LOADER = "$(TEST_HOST)";
				DEVELOPMENT_TEAM = WGLM2PFCF5;
				INFOPLIST_FILE = "线程死锁Tests/Info.plist";
				LD_RUNPATH_SEARCH_PATHS = "$(inherited) @executable_path/Frameworks @loader_path/Frameworks";
				PRODUCT_BUNDLE_IDENTIFIER = "com.sanyi.----Tests";
				PRODUCT_NAME = "$(TARGET_NAME)";
				TEST_HOST = "$(BUILT_PRODUCTS_DIR)/线程死锁.app/线程死锁";
			};
			name = Debug;
		};
		AAF00C9D1F55819D0058A476 /* Release */ = {
			isa = XCBuildConfiguration;
			buildSettings = {
				BUNDLE_LOADER = "$(TEST_HOST)";
				DEVELOPMENT_TEAM = WGLM2PFCF5;
				INFOPLIST_FILE = "线程死锁Tests/Info.plist";
				LD_RUNPATH_SEARCH_PATHS = "$(inherited) @executable_path/Frameworks @loader_path/Frameworks";
				PRODUCT_BUNDLE_IDENTIFIER = "com.sanyi.----Tests";
				PRODUCT_NAME = "$(TARGET_NAME)";
				TEST_HOST = "$(BUILT_PRODUCTS_DIR)/线程死锁.app/线程死锁";
			};
			name = Release;
		};
		AAF00C9F1F55819D0058A476 /* Debug */ = {
			isa = XCBuildConfiguration;
			buildSettings = {
				DEVELOPMENT_TEAM = WGLM2PFCF5;
				INFOPLIST_FILE = "线程死锁UITests/Info.plist";
				LD_RUNPATH_SEARCH_PATHS = "$(inherited) @executable_path/Frameworks @loader_path/Frameworks";
				PRODUCT_BUNDLE_IDENTIFIER = "com.sanyi.----UITests";
				PRODUCT_NAME = "$(TARGET_NAME)";
				TEST_TARGET_NAME = "线程死锁";
			};
			name = Debug;
		};
		AAF00CA01F55819D0058A476 /* Release */ = {
			isa = XCBuildConfiguration;
			buildSettings = {
				DEVELOPMENT_TEAM = WGLM2PFCF5;
				INFOPLIST_FILE = "线程死锁UITests/Info.plist";
				LD_RUNPATH_SEARCH_PATHS = "$(inherited) @executable_path/Frameworks @loader_path/Frameworks";
				PRODUCT_BUNDLE_IDENTIFIER = "com.sanyi.----UITests";
				PRODUCT_NAME = "$(TARGET_NAME)";
				TEST_TARGET_NAME = "线程死锁";
			};
			name = Release;
		};
/* End XCBuildConfiguration section */

/* Begin XCConfigurationList section */
		AAF00C661F55819C0058A476 /* Build configuration list for PBXProject "线程死锁" */ = {
			isa = XCConfigurationList;
			buildConfigurations = (
				AAF00C961F55819D0058A476 /* Debug */,
				AAF00C971F55819D0058A476 /* Release */,
			);
			defaultConfigurationIsVisible = 0;
			defaultConfigurationName = Release;
		};
		AAF00C981F55819D0058A476 /* Build configuration list for PBXNativeTarget "线程死锁" */ = {
			isa = XCConfigurationList;
			buildConfigurations = (
				AAF00C991F55819D0058A476 /* Debug */,
				AAF00C9A1F55819D0058A476 /* Release */,
			);
			defaultConfigurationIsVisible = 0;
		};
		AAF00C9B1F55819D0058A476 /* Build configuration list for PBXNativeTarget "线程死锁Tests" */ = {
			isa = XCConfigurationList;
			buildConfigurations = (
				AAF00C9C1F55819D0058A476 /* Debug */,
				AAF00C9D1F55819D0058A476 /* Release */,
			);
			defaultConfigurationIsVisible = 0;
		};
		AAF00C9E1F55819D0058A476 /* Build configuration list for PBXNativeTarget "线程死锁UITests" */ = {
			isa = XCConfigurationList;
			buildConfigurations = (
				AAF00C9F1F55819D0058A476 /* Debug */,
				AAF00CA01F55819D0058A476 /* Release */,
			);
			defaultConfigurationIsVisible = 0;
		};
/* End XCConfigurationList section */
	};
	rootObject = AAF00C631F55819C0058A476 /* Project object */;
}
